
Microsoft Visual Studio Solution File, Format Version 12.00
# Visual Studio Version 17
VisualStudioVersion = 17.14.36717.8
MinimumVisualStudioVersion = 10.0.40219.1
Project("{FAE04EC0-301F-11D3-BF4B-00C04F79EFBC}") = "输入输出练习题", "C#入门\输入输出练习题.csproj", "{89F1C047-FBAA-4AC1-8C1C-514915842F4B}"
EndProject
Project("{FAE04EC0-301F-11D3-BF4B-00C04F79EFBC}") = "Lesson2_变量", "Lesson2_变量\Lesson2_变量.csproj", "{8B5A814D-AFE5-4C17-9025-E03AA872FE68}"
EndProject
Project("{FAE04EC0-301F-11D3-BF4B-00C04F79EFBC}") = "Lesson2_变量习题", "Lesson2_变量习题\Lesson2_变量习题.csproj", "{31FDD6F1-380E-46CF-B065-3FB9B89E7722}"
EndProject
Project("{FAE04EC0-301F-11D3-BF4B-00C04F79EFBC}") = "Lesson3_变量的本质", "Lesson3_变量的本质\Lesson3_变量的本质.csproj", "{60B0AB7E-2580-4961-89A5-3D2FB63761F6}"
EndProject
Project("{FAE04EC0-301F-11D3-BF4B-00C04F79EFBC}") = "Lesson4_变量的命名规则", "Lesson4_变量的命名规则\Lesson4_变量的命名规则.csproj", "{ECE549E0-AA21-4B4A-99F5-276030AA2F71}"
EndProject
Project("{FAE04EC0-301F-11D3-BF4B-00C04F79EFBC}") = "Lesson5_常量", "Lesson5_常量\Lesson5_常量.csproj", "{C0AC6529-07DE-473C-8275-848517770836}"
EndProject
Project("{FAE04EC0-301F-11D3-BF4B-00C04F79EFBC}") = "Lesson6_转义字符", "Lesson6_转义字符\Lesson6_转义字符.csproj", "{884D2D91-0CC1-4A29-9B0A-CB34D2B12ACE}"
EndProject
Project("{FAE04EC0-301F-11D3-BF4B-00C04F79EFBC}") = "Lesson6_转义字符习题", "Lesson6_转义字符习题\Lesson6_转义字符习题.csproj", "{B738AB7A-2E2F-4F06-88A5-6965F63A8F9C}"
EndProject
Project("{FAE04EC0-301F-11D3-BF4B-00C04F79EFBC}") = "Lesson7_隐式转换", "Lesson7_隐式转换\Lesson7_隐式转换.csproj", "{58C9B041-6FAB-449D-8ABF-B4AB0C34F4A8}"
EndProject
Project("{FAE04EC0-301F-11D3-BF4B-00C04F79EFBC}") = "Lesson8_显示转换", "Lesson8_显示转换\Lesson8_显示转换.csproj", "{BC3A1386-D5BE-4EDA-974E-28779130F443}"
EndProject
Project("{FAE04EC0-301F-11D3-BF4B-00C04F79EFBC}") = "Lesson9_异常捕获", "Lesson9_异常捕获\Lesson9_异常捕获.csproj", "{119275F1-A090-4E24-B6D6-626BCA46DD3E}"
EndProject
Project("{FAE04EC0-301F-11D3-BF4B-00C04F79EFBC}") = "Lesson10_算数运算符", "Lesson10_算数运算符\Lesson10_算数运算符.csproj", "{35B5595F-13D4-49B3-9B48-9B820B00FD20}"
EndProject
Project("{FAE04EC0-301F-11D3-BF4B-00C04F79EFBC}") = "Lesson11_字符串拼接", "Lesson11_字符串拼接\Lesson11_字符串拼接.csproj", "{934EDECD-2A29-4BCB-8D0A-0DFAA24E7BCC}"
EndProject
Global
	GlobalSection(SolutionConfigurationPlatforms) = preSolution
		Debug|Any CPU = Debug|Any CPU
		Release|Any CPU = Release|Any CPU
	EndGlobalSection
	GlobalSection(ProjectConfigurationPlatforms) = postSolution
		{89F1C047-FBAA-4AC1-8C1C-514915842F4B}.Debug|Any CPU.ActiveCfg = Debug|Any CPU
		{89F1C047-FBAA-4AC1-8C1C-514915842F4B}.Debug|Any CPU.Build.0 = Debug|Any CPU
		{89F1C047-FBAA-4AC1-8C1C-514915842F4B}.Release|Any CPU.ActiveCfg = Release|Any CPU
		{89F1C047-FBAA-4AC1-8C1C-514915842F4B}.Release|Any CPU.Build.0 = Release|Any CPU
		{8B5A814D-AFE5-4C17-9025-E03AA872FE68}.Debug|Any CPU.ActiveCfg = Debug|Any CPU
		{8B5A814D-AFE5-4C17-9025-E03AA872FE68}.Debug|Any CPU.Build.0 = Debug|Any CPU
		{8B5A814D-AFE5-4C17-9025-E03AA872FE68}.Release|Any CPU.ActiveCfg = Release|Any CPU
		{8B5A814D-AFE5-4C17-9025-E03AA872FE68}.Release|Any CPU.Build.0 = Release|Any CPU
		{31FDD6F1-380E-46CF-B065-3FB9B89E7722}.Debug|Any CPU.ActiveCfg = Debug|Any CPU
		{31FDD6F1-380E-46CF-B065-3FB9B89E7722}.Debug|Any CPU.Build.0 = Debug|Any CPU
		{31FDD6F1-380E-46CF-B065-3FB9B89E7722}.Release|Any CPU.ActiveCfg = Release|Any CPU
		{31FDD6F1-380E-46CF-B065-3FB9B89E7722}.Release|Any CPU.Build.0 = Release|Any CPU
		{60B0AB7E-2580-4961-89A5-3D2FB63761F6}.Debug|Any CPU.ActiveCfg = Debug|Any CPU
		{60B0AB7E-2580-4961-89A5-3D2FB63761F6}.Debug|Any CPU.Build.0 = Debug|Any CPU
		{60B0AB7E-2580-4961-89A5-3D2FB63761F6}.Release|Any CPU.ActiveCfg = Release|Any CPU
		{60B0AB7E-2580-4961-89A5-3D2FB63761F6}.Release|Any CPU.Build.0 = Release|Any CPU
		{ECE549E0-AA21-4B4A-99F5-276030AA2F71}.Debug|Any CPU.ActiveCfg = Debug|Any CPU
		{ECE549E0-AA21-4B4A-99F5-276030AA2F71}.Debug|Any CPU.Build.0 = Debug|Any CPU
		{ECE549E0-AA21-4B4A-99F5-276030AA2F71}.Release|Any CPU.ActiveCfg = Release|Any CPU
		{ECE549E0-AA21-4B4A-99F5-276030AA2F71}.Release|Any CPU.Build.0 = Release|Any CPU
		{C0AC6529-07DE-473C-8275-848517770836}.Debug|Any CPU.ActiveCfg = Debug|Any CPU
		{C0AC6529-07DE-473C-8275-848517770836}.Debug|Any CPU.Build.0 = Debug|Any CPU
		{C0AC6529-07DE-473C-8275-848517770836}.Release|Any CPU.ActiveCfg = Release|Any CPU
		{C0AC6529-07DE-473C-8275-848517770836}.Release|Any CPU.Build.0 = Release|Any CPU
		{884D2D91-0CC1-4A29-9B0A-CB34D2B12ACE}.Debug|Any CPU.ActiveCfg = Debug|Any CPU
		{884D2D91-0CC1-4A29-9B0A-CB34D2B12ACE}.Debug|Any CPU.Build.0 = Debug|Any CPU
		{884D2D91-0CC1-4A29-9B0A-CB34D2B12ACE}.Release|Any CPU.ActiveCfg = Release|Any CPU
		{884D2D91-0CC1-4A29-9B0A-CB34D2B12ACE}.Release|Any CPU.Build.0 = Release|Any CPU
		{B738AB7A-2E2F-4F06-88A5-6965F63A8F9C}.Debug|Any CPU.ActiveCfg = Debug|Any CPU
		{B738AB7A-2E2F-4F06-88A5-6965F63A8F9C}.Debug|Any CPU.Build.0 = Debug|Any CPU
		{B738AB7A-2E2F-4F06-88A5-6965F63A8F9C}.Release|Any CPU.ActiveCfg = Release|Any CPU
		{B738AB7A-2E2F-4F06-88A5-6965F63A8F9C}.Release|Any CPU.Build.0 = Release|Any CPU
		{58C9B041-6FAB-449D-8ABF-B4AB0C34F4A8}.Debug|Any CPU.ActiveCfg = Debug|Any CPU
		{58C9B041-6FAB-449D-8ABF-B4AB0C34F4A8}.Debug|Any CPU.Build.0 = Debug|Any CPU
		{58C9B041-6FAB-449D-8ABF-B4AB0C34F4A8}.Release|Any CPU.ActiveCfg = Release|Any CPU
		{58C9B041-6FAB-449D-8ABF-B4AB0C34F4A8}.Release|Any CPU.Build.0 = Release|Any CPU
		{BC3A1386-D5BE-4EDA-974E-28779130F443}.Debug|Any CPU.ActiveCfg = Debug|Any CPU
		{BC3A1386-D5BE-4EDA-974E-28779130F443}.Debug|Any CPU.Build.0 = Debug|Any CPU
		{BC3A1386-D5BE-4EDA-974E-28779130F443}.Release|Any CPU.ActiveCfg = Release|Any CPU
		{BC3A1386-D5BE-4EDA-974E-28779130F443}.Release|Any CPU.Build.0 = Release|Any CPU
		{119275F1-A090-4E24-B6D6-626BCA46DD3E}.Debug|Any CPU.ActiveCfg = Debug|Any CPU
		{119275F1-A090-4E24-B6D6-626BCA46DD3E}.Debug|Any CPU.Build.0 = Debug|Any CPU
		{119275F1-A090-4E24-B6D6-626BCA46DD3E}.Release|Any CPU.ActiveCfg = Release|Any CPU
		{119275F1-A090-4E24-B6D6-626BCA46DD3E}.Release|Any CPU.Build.0 = Release|Any CPU
		{35B5595F-13D4-49B3-9B48-9B820B00FD20}.Debug|Any CPU.ActiveCfg = Debug|Any CPU
		{35B5595F-13D4-49B3-9B48-9B820B00FD20}.Debug|Any CPU.Build.0 = Debug|Any CPU
		{35B5595F-13D4-49B3-9B48-9B820B00FD20}.Release|Any CPU.ActiveCfg = Release|Any CPU
		{35B5595F-13D4-49B3-9B48-9B820B00FD20}.Release|Any CPU.Build.0 = Release|Any CPU
		{934EDECD-2A29-4BCB-8D0A-0DFAA24E7BCC}.Debug|Any CPU.ActiveCfg = Debug|Any CPU
		{934EDECD-2A29-4BCB-8D0A-0DFAA24E7BCC}.Debug|Any CPU.Build.0 = Debug|Any CPU
		{934EDECD-2A29-4BCB-8D0A-0DFAA24E7BCC}.Release|Any CPU.ActiveCfg = Release|Any CPU
		{934EDECD-2A29-4BCB-8D0A-0DFAA24E7BCC}.Release|Any CPU.Build.0 = Release|Any CPU
	EndGlobalSection
	GlobalSection(SolutionProperties) = preSolution
		HideSolutionNode = FALSE
	EndGlobalSection
	GlobalSection(ExtensibilityGlobals) = postSolution
		SolutionGuid = {32837446-CC2F-4D75-8D6D-C77B2BBD80B5}
	EndGlobalSection
EndGlobal
